// !$*UTF8*$!
{
	archiveVersion = 1;
	classes = {
	};
	objectVersion = 56;
	objects = {

/* Begin PBXBuildFile section */
		01000001 /* OverlookApp.swift in Sources */ = {isa = PBXBuildFile; fileRef = 02000001 /* OverlookApp.swift */; };
		01000002 /* ContentView.swift in Sources */ = {isa = PBXBuildFile; fileRef = 02000002 /* ContentView.swift */; };
		01000003 /* Assets.xcassets in Resources */ = {isa = PBXBuildFile; fileRef = 02000003 /* Assets.xcassets */; };
		01000006 /* WebRTCManager.swift in Sources */ = {isa = PBXBuildFile; fileRef = 02000006 /* WebRTCManager.swift */; };
		01000007 /* InputManager.swift in Sources */ = {isa = PBXBuildFile; fileRef = 02000007 /* InputManager.swift */; };
		01000008 /* OCRManager.swift in Sources */ = {isa = PBXBuildFile; fileRef = 02000008 /* OCRManager.swift */; };
		01000009 /* KVMDeviceManager.swift in Sources */ = {isa = PBXBuildFile; fileRef = 02000009 /* KVMDeviceManager.swift */; };
		01000010 /* MenuBarAgent.swift in Sources */ = {isa = PBXBuildFile; fileRef = 02000010 /* MenuBarAgent.swift */; };
		01000011 /* JSONValue.swift in Sources */ = {isa = PBXBuildFile; fileRef = 02000011 /* JSONValue.swift */; };
		01000012 /* HardwareControlManager.swift in Sources */ = {isa = PBXBuildFile; fileRef = 02000012 /* HardwareControlManager.swift */; };
		01000013 /* PluginManager.swift in Sources */ = {isa = PBXBuildFile; fileRef = 02000013 /* PluginManager.swift */; };
		01000014 /* TailscaleManager.swift in Sources */ = {isa = PBXBuildFile; fileRef = 02000014 /* TailscaleManager.swift */; };
		01000015 /* GLKVMClient.swift in Sources */ = {isa = PBXBuildFile; fileRef = 02000015 /* GLKVMClient.swift */; };
		01000016 /* WebRTC in Frameworks */ = {isa = PBXBuildFile; productRef = 14000001 /* WebRTC */; };
		01000017 /* WebUISettingsPanel.swift in Sources */ = {isa = PBXBuildFile; fileRef = 02000016 /* WebUISettingsPanel.swift */; };
		01000018 /* OCRViews.swift in Sources */ = {isa = PBXBuildFile; fileRef = 02000017 /* OCRViews.swift */; };
		01000019 /* ConnectSheets.swift in Sources */ = {isa = PBXBuildFile; fileRef = 02000018 /* ConnectSheets.swift */; };
		0100001A /* ContentControlBar.swift in Sources */ = {isa = PBXBuildFile; fileRef = 02000019 /* ContentControlBar.swift */; };
		0100001B /* VideoSurfaceView.swift in Sources */ = {isa = PBXBuildFile; fileRef = 0200001A /* VideoSurfaceView.swift */; };
		0100001C /* StatusBarView.swift in Sources */ = {isa = PBXBuildFile; fileRef = 0200001B /* StatusBarView.swift */; };
		0100001D /* CoreAudioDevices.swift in Sources */ = {isa = PBXBuildFile; fileRef = 0200001C /* CoreAudioDevices.swift */; };
		0100001E /* WebRTCAudioDevice.swift in Sources */ = {isa = PBXBuildFile; fileRef = 0200001D /* WebRTCAudioDevice.swift */; };
		0100001F /* WebRTCFactoryBuilder.m in Sources */ = {isa = PBXBuildFile; fileRef = 02000021 /* WebRTCFactoryBuilder.m */; };
		01000050 /* LetterboxDetector.swift in Sources */ = {isa = PBXBuildFile; fileRef = 02000050 /* LetterboxDetector.swift */; };
		01000051 /* AgentServerManager.swift in Sources */ = {isa = PBXBuildFile; fileRef = 02000051 /* AgentServerManager.swift */; };
		01000052 /* QuickPasteManager.swift in Sources */ = {isa = PBXBuildFile; fileRef = 02000052 /* QuickPasteManager.swift */; };
		01000053 /* QuickPasteView.swift in Sources */ = {isa = PBXBuildFile; fileRef = 02000053 /* QuickPasteView.swift */; };
/* End PBXBuildFile section */

/* Begin PBXFileReference section */
		02000001 /* OverlookApp.swift */ = {isa = PBXFileReference; lastKnownFileType = sourcecode.swift; path = OverlookApp.swift; sourceTree = "<group>"; };
		02000002 /* ContentView.swift */ = {isa = PBXFileReference; lastKnownFileType = sourcecode.swift; path = ContentView.swift; sourceTree = "<group>"; };
		02000003 /* Assets.xcassets */ = {isa = PBXFileReference; lastKnownFileType = folder.assetcatalog; path = Assets.xcassets; sourceTree = "<group>"; };
		02000005 /* Overlook.entitlements */ = {isa = PBXFileReference; lastKnownFileType = text.plist.entitlements; path = Overlook.entitlements; sourceTree = "<group>"; };
		02000006 /* WebRTCManager.swift */ = {isa = PBXFileReference; lastKnownFileType = sourcecode.swift; path = WebRTCManager.swift; sourceTree = "<group>"; };
		02000007 /* InputManager.swift */ = {isa = PBXFileReference; lastKnownFileType = sourcecode.swift; path = InputManager.swift; sourceTree = "<group>"; };
		02000008 /* OCRManager.swift */ = {isa = PBXFileReference; lastKnownFileType = sourcecode.swift; path = OCRManager.swift; sourceTree = "<group>"; };
		02000009 /* KVMDeviceManager.swift */ = {isa = PBXFileReference; lastKnownFileType = sourcecode.swift; path = KVMDeviceManager.swift; sourceTree = "<group>"; };
		02000010 /* MenuBarAgent.swift */ = {isa = PBXFileReference; lastKnownFileType = sourcecode.swift; path = MenuBarAgent.swift; sourceTree = "<group>"; };
		02000011 /* JSONValue.swift */ = {isa = PBXFileReference; lastKnownFileType = sourcecode.swift; path = JSONValue.swift; sourceTree = "<group>"; };
		02000012 /* HardwareControlManager.swift */ = {isa = PBXFileReference; lastKnownFileType = sourcecode.swift; path = HardwareControlManager.swift; sourceTree = "<group>"; };
		02000013 /* PluginManager.swift */ = {isa = PBXFileReference; lastKnownFileType = sourcecode.swift; path = PluginManager.swift; sourceTree = "<group>"; };
		02000014 /* TailscaleManager.swift */ = {isa = PBXFileReference; lastKnownFileType = sourcecode.swift; path = TailscaleManager.swift; sourceTree = "<group>"; };
		02000015 /* GLKVMClient.swift */ = {isa = PBXFileReference; lastKnownFileType = sourcecode.swift; path = GLKVMClient.swift; sourceTree = "<group>"; };
		02000016 /* WebUISettingsPanel.swift */ = {isa = PBXFileReference; lastKnownFileType = sourcecode.swift; path = WebUISettingsPanel.swift; sourceTree = "<group>"; };
		02000017 /* OCRViews.swift */ = {isa = PBXFileReference; lastKnownFileType = sourcecode.swift; path = OCRViews.swift; sourceTree = "<group>"; };
		02000018 /* ConnectSheets.swift */ = {isa = PBXFileReference; lastKnownFileType = sourcecode.swift; path = ConnectSheets.swift; sourceTree = "<group>"; };
		02000019 /* ContentControlBar.swift */ = {isa = PBXFileReference; lastKnownFileType = sourcecode.swift; path = ContentControlBar.swift; sourceTree = "<group>"; };
		0200001A /* VideoSurfaceView.swift */ = {isa = PBXFileReference; lastKnownFileType = sourcecode.swift; path = VideoSurfaceView.swift; sourceTree = "<group>"; };
		0200001B /* StatusBarView.swift */ = {isa = PBXFileReference; lastKnownFileType = sourcecode.swift; path = StatusBarView.swift; sourceTree = "<group>"; };
		0200001C /* CoreAudioDevices.swift */ = {isa = PBXFileReference; lastKnownFileType = sourcecode.swift; path = CoreAudioDevices.swift; sourceTree = "<group>"; };
		0200001D /* WebRTCAudioDevice.swift */ = {isa = PBXFileReference; lastKnownFileType = sourcecode.swift; path = WebRTCAudioDevice.swift; sourceTree = "<group>"; };
		0200001E /* RTCAudioDeviceShim.h */ = {isa = PBXFileReference; lastKnownFileType = sourcecode.c.h; path = RTCAudioDeviceShim.h; sourceTree = "<group>"; };
		0200001F /* Overlook-Bridging-Header.h */ = {isa = PBXFileReference; lastKnownFileType = sourcecode.c.h; path = "Overlook-Bridging-Header.h"; sourceTree = "<group>"; };
		02000020 /* WebRTCFactoryBuilder.h */ = {isa = PBXFileReference; lastKnownFileType = sourcecode.c.h; path = WebRTCFactoryBuilder.h; sourceTree = "<group>"; };
		02000021 /* WebRTCFactoryBuilder.m */ = {isa = PBXFileReference; lastKnownFileType = sourcecode.c.objc; path = WebRTCFactoryBuilder.m; sourceTree = "<group>"; };
		02000050 /* LetterboxDetector.swift */ = {isa = PBXFileReference; lastKnownFileType = sourcecode.swift; path = LetterboxDetector.swift; sourceTree = "<group>"; };
		02000051 /* AgentServerManager.swift */ = {isa = PBXFileReference; lastKnownFileType = sourcecode.swift; path = AgentServerManager.swift; sourceTree = "<group>"; };
		02000052 /* QuickPasteManager.swift */ = {isa = PBXFileReference; lastKnownFileType = sourcecode.swift; path = QuickPasteManager.swift; sourceTree = "<group>"; };
		02000053 /* QuickPasteView.swift */ = {isa = PBXFileReference; lastKnownFileType = sourcecode.swift; path = QuickPasteView.swift; sourceTree = "<group>"; };
		03000001 /* Overlook.app */ = {isa = PBXFileReference; explicitFileType = wrapper.application; includeInIndex = 0; path = Overlook.app; sourceTree = BUILT_PRODUCTS_DIR; };
/* End PBXFileReference section */

/* Begin PBXFrameworksBuildPhase section */
		04000001 /* Frameworks */ = {
			isa = PBXFrameworksBuildPhase;
			buildActionMask = 2147483647;
			files = (
				01000016 /* WebRTC in Frameworks */,
			);
			runOnlyForDeploymentPostprocessing = 0;
		};
/* End PBXFrameworksBuildPhase section */

/* Begin PBXGroup section */
		05000001 = {
			isa = PBXGroup;
			children = (
				05000002 /* Overlook */,
				05000003 /* Products */,
			);
			sourceTree = "<group>";
		};
		05000002 /* Overlook */ = {
			isa = PBXGroup;
			children = (
				02000001 /* OverlookApp.swift */,
				02000002 /* ContentView.swift */,
				02000019 /* ContentControlBar.swift */,
				0200001A /* VideoSurfaceView.swift */,
				0200001B /* StatusBarView.swift */,
				02000017 /* OCRViews.swift */,
				02000018 /* ConnectSheets.swift */,
				02000016 /* WebUISettingsPanel.swift */,
				02000015 /* GLKVMClient.swift */,
				02000006 /* WebRTCManager.swift */,
				0200001C /* CoreAudioDevices.swift */,
				0200001D /* WebRTCAudioDevice.swift */,
				02000021 /* WebRTCFactoryBuilder.m */,
				02000020 /* WebRTCFactoryBuilder.h */,
				0200001E /* RTCAudioDeviceShim.h */,
				0200001F /* Overlook-Bridging-Header.h */,
				02000007 /* InputManager.swift */,
				02000050 /* LetterboxDetector.swift */,
				02000008 /* OCRManager.swift */,
				02000009 /* KVMDeviceManager.swift */,
				02000012 /* HardwareControlManager.swift */,
				02000010 /* MenuBarAgent.swift */,
				02000051 /* AgentServerManager.swift */,
				02000052 /* QuickPasteManager.swift */,
				02000053 /* QuickPasteView.swift */,
				02000013 /* PluginManager.swift */,
				02000014 /* TailscaleManager.swift */,
				02000011 /* JSONValue.swift */,
				02000003 /* Assets.xcassets */,
				02000005 /* Overlook.entitlements */,
			);
			path = Overlook;
			sourceTree = "<group>";
		};
		05000003 /* Products */ = {
			isa = PBXGroup;
			children = (
				03000001 /* Overlook.app */,
			);
			name = Products;
			sourceTree = "<group>";
		};
/* End PBXGroup section */

/* Begin PBXNativeTarget section */
		06000001 /* Overlook */ = {
			isa = PBXNativeTarget;
			buildConfigurationList = 07000001 /* Build configuration list for PBXNativeTarget "Overlook" */;
			buildPhases = (
				08000001 /* Sources */,
				04000001 /* Frameworks */,
				09000001 /* Resources */,
			);
			buildRules = (
			);
			dependencies = (
			);
			name = Overlook;
			packageProductDependencies = (
				14000001 /* WebRTC */,
			);
			productName = Overlook;
			productReference = 03000001 /* Overlook.app */;
			productType = "com.apple.product-type.application";
		};
/* End PBXNativeTarget section */

/* Begin PBXProject section */
		10000001 /* Project object */ = {
			isa = PBXProject;
			attributes = {
				BuildIndependentTargetsInParallel = 1;
				LastSwiftUpdateCheck = 1500;
				LastUpgradeCheck = 2620;
				ORGANIZATIONNAME = "Ross Cawston";
				TargetAttributes = {
					06000001 = {
						CreatedOnToolsVersion = 15.0;
					};
				};
			};
			buildConfigurationList = 11000001 /* Build configuration list for PBXProject "Overlook" */;
			compatibilityVersion = "Xcode 14.0";
			developmentRegion = en;
			hasScannedForEncodings = 0;
			knownRegions = (
				en,
				Base,
			);
			mainGroup = 05000001;
			packageReferences = (
				15000001 /* XCRemoteSwiftPackageReference "WebRTC" */,
			);
			productRefGroup = 05000003 /* Products */;
			projectDirPath = "";
			projectRoot = "";
			targets = (
				06000001 /* Overlook */,
			);
		};
/* End PBXProject section */

/* Begin PBXResourcesBuildPhase section */
		09000001 /* Resources */ = {
			isa = PBXResourcesBuildPhase;
			buildActionMask = 2147483647;
			files = (
				01000003 /* Assets.xcassets in Resources */,
			);
			runOnlyForDeploymentPostprocessing = 0;
		};
/* End PBXResourcesBuildPhase section */

/* Begin PBXSourcesBuildPhase section */
		08000001 /* Sources */ = {
			isa = PBXSourcesBuildPhase;
			buildActionMask = 2147483647;
			files = (
				01000001 /* OverlookApp.swift in Sources */,
				01000002 /* ContentView.swift in Sources */,
				0100001A /* ContentControlBar.swift in Sources */,
				0100001B /* VideoSurfaceView.swift in Sources */,
				0100001C /* StatusBarView.swift in Sources */,
				01000017 /* WebUISettingsPanel.swift in Sources */,
				01000018 /* OCRViews.swift in Sources */,
				01000019 /* ConnectSheets.swift in Sources */,
				01000015 /* GLKVMClient.swift in Sources */,
				01000006 /* WebRTCManager.swift in Sources */,
				0100001D /* CoreAudioDevices.swift in Sources */,
				0100001E /* WebRTCAudioDevice.swift in Sources */,
				0100001F /* WebRTCFactoryBuilder.m in Sources */,
				01000007 /* InputManager.swift in Sources */,
				01000050 /* LetterboxDetector.swift in Sources */,
				01000008 /* OCRManager.swift in Sources */,
				01000009 /* KVMDeviceManager.swift in Sources */,
				01000012 /* HardwareControlManager.swift in Sources */,
				01000010 /* MenuBarAgent.swift in Sources */,
				01000051 /* AgentServerManager.swift in Sources */,
				01000052 /* QuickPasteManager.swift in Sources */,
				01000053 /* QuickPasteView.swift in Sources */,
				01000013 /* PluginManager.swift in Sources */,
				01000014 /* TailscaleManager.swift in Sources */,
				01000011 /* JSONValue.swift in Sources */,
			);
			runOnlyForDeploymentPostprocessing = 0;
		};
/* End PBXSourcesBuildPhase section */

/* Begin XCBuildConfiguration section */
		12000001 /* Debug */ = {
			isa = XCBuildConfiguration;
			buildSettings = {
				ALWAYS_SEARCH_USER_PATHS = NO;
				ASSETCATALOG_COMPILER_GENERATE_SWIFT_ASSET_SYMBOL_EXTENSIONS = YES;
				CLANG_ANALYZER_NONNULL = YES;
				CLANG_ANALYZER_NUMBER_OBJECT_CONVERSION = YES_AGGRESSIVE;
				CLANG_CXX_LANGUAGE_STANDARD = "gnu++20";
				CLANG_ENABLE_MODULES = YES;
				CLANG_ENABLE_OBJC_ARC = YES;
				CLANG_ENABLE_OBJC_WEAK = YES;
				CLANG_WARN_BLOCK_CAPTURE_AUTORELEASING = YES;
				CLANG_WARN_BOOL_CONVERSION = YES;
				CLANG_WARN_COMMA = YES;
				CLANG_WARN_CONSTANT_CONVERSION = YES;
				CLANG_WARN_DEPRECATED_OBJC_IMPLEMENTATIONS = YES;
				CLANG_WARN_DIRECT_OBJC_ISA_USAGE = YES_ERROR;
				CLANG_WARN_DOCUMENTATION_COMMENTS = YES;
				CLANG_WARN_EMPTY_BODY = YES;
				CLANG_WARN_ENUM_CONVERSION = YES;
				CLANG_WARN_INFINITE_RECURSION = YES;
				CLANG_WARN_INT_CONVERSION = YES;
				CLANG_WARN_NON_LITERAL_NULL_CONVERSION = YES;
				CLANG_WARN_OBJC_IMPLICIT_RETAIN_SELF = YES;
				CLANG_WARN_OBJC_LITERAL_CONVERSION = YES;
				CLANG_WARN_OBJC_ROOT_CLASS = YES_ERROR;
				CLANG_WARN_QUOTED_INCLUDE_IN_FRAMEWORK_HEADER = YES;
				CLANG_WARN_RANGE_LOOP_ANALYSIS = YES;
				CLANG_WARN_STRICT_PROTOTYPES = YES;
				CLANG_WARN_SUSPICIOUS_MOVE = YES;
				CLANG_WARN_UNGUARDED_AVAILABILITY = YES_AGGRESSIVE;
				CLANG_WARN_UNREACHABLE_CODE = YES;
				CLANG_WARN__DUPLICATE_METHOD_MATCH = YES;
				COPY_PHASE_STRIP = NO;
				DEAD_CODE_STRIPPING = YES;
				DEBUG_INFORMATION_FORMAT = dwarf;
				ENABLE_STRICT_OBJC_MSGSEND = YES;
				ENABLE_TESTABILITY = YES;
				ENABLE_USER_SCRIPT_SANDBOXING = YES;
				GCC_C_LANGUAGE_STANDARD = gnu17;
				GCC_DYNAMIC_NO_PIC = NO;
				GCC_NO_COMMON_BLOCKS = YES;
				GCC_OPTIMIZATION_LEVEL = 0;
				GCC_PREPROCESSOR_DEFINITIONS = (
					"DEBUG=1",
					"$(inherited)",
				);
				GCC_WARN_64_TO_32_BIT_CONVERSION = YES;
				GCC_WARN_ABOUT_RETURN_TYPE = YES_ERROR;
				GCC_WARN_UNDECLARED_SELECTOR = YES;
				GCC_WARN_UNINITIALIZED_AUTOS = YES_AGGRESSIVE;
				GCC_WARN_UNUSED_FUNCTION = YES;
				GCC_WARN_UNUSED_VARIABLE = YES;
				LOCALIZATION_PREFERS_STRING_CATALOGS = YES;
				MACOSX_DEPLOYMENT_TARGET = 14.0;
				MTL_ENABLE_DEBUG_INFO = INCLUDE_SOURCE;
				MTL_FAST_MATH = YES;
				ONLY_ACTIVE_ARCH = YES;
				SDKROOT = macosx;
				STRING_CATALOG_GENERATE_SYMBOLS = YES;
				SWIFT_ACTIVE_COMPILATION_CONDITIONS = "DEBUG $(inherited)";
				SWIFT_OPTIMIZATION_LEVEL = "-Onone";
			};
			name = Debug;
		};
		12000002 /* Release */ = {
			isa = XCBuildConfiguration;
			buildSettings = {
				ALWAYS_SEARCH_USER_PATHS = NO;
				ASSETCATALOG_COMPILER_GENERATE_SWIFT_ASSET_SYMBOL_EXTENSIONS = YES;
				CLANG_ANALYZER_NONNULL = YES;
				CLANG_ANALYZER_NUMBER_OBJECT_CONVERSION = YES_AGGRESSIVE;
				CLANG_CXX_LANGUAGE_STANDARD = "gnu++20";
				CLANG_ENABLE_MODULES = YES;
				CLANG_ENABLE_OBJC_ARC = YES;
				CLANG_ENABLE_OBJC_WEAK = YES;
				CLANG_WARN_BLOCK_CAPTURE_AUTORELEASING = YES;
				CLANG_WARN_BOOL_CONVERSION = YES;
				CLANG_WARN_COMMA = YES;
				CLANG_WARN_CONSTANT_CONVERSION = YES;
				CLANG_WARN_DEPRECATED_OBJC_IMPLEMENTATIONS = YES;
				CLANG_WARN_DIRECT_OBJC_ISA_USAGE = YES_ERROR;
				CLANG_WARN_DOCUMENTATION_COMMENTS = YES;
				CLANG_WARN_EMPTY_BODY = YES;
				CLANG_WARN_ENUM_CONVERSION = YES;
				CLANG_WARN_INFINITE_RECURSION = YES;
				CLANG_WARN_INT_CONVERSION = YES;
				CLANG_WARN_NON_LITERAL_NULL_CONVERSION = YES;
				CLANG_WARN_OBJC_IMPLICIT_RETAIN_SELF = YES;
				CLANG_WARN_OBJC_LITERAL_CONVERSION = YES;
				CLANG_WARN_OBJC_ROOT_CLASS = YES_ERROR;
				CLANG_WARN_QUOTED_INCLUDE_IN_FRAMEWORK_HEADER = YES;
				CLANG_WARN_RANGE_LOOP_ANALYSIS = YES;
				CLANG_WARN_STRICT_PROTOTYPES = YES;
				CLANG_WARN_SUSPICIOUS_MOVE = YES;
				CLANG_WARN_UNGUARDED_AVAILABILITY = YES_AGGRESSIVE;
				CLANG_WARN_UNREACHABLE_CODE = YES;
				CLANG_WARN__DUPLICATE_METHOD_MATCH = YES;
				COPY_PHASE_STRIP = NO;
				DEAD_CODE_STRIPPING = YES;
				DEBUG_INFORMATION_FORMAT = "dwarf-with-dsym";
				ENABLE_NS_ASSERTIONS = NO;
				ENABLE_STRICT_OBJC_MSGSEND = YES;
				ENABLE_USER_SCRIPT_SANDBOXING = YES;
				GCC_C_LANGUAGE_STANDARD = gnu17;
				GCC_NO_COMMON_BLOCKS = YES;
				GCC_WARN_64_TO_32_BIT_CONVERSION = YES;
				GCC_WARN_ABOUT_RETURN_TYPE = YES_ERROR;
				GCC_WARN_UNDECLARED_SELECTOR = YES;
				GCC_WARN_UNINITIALIZED_AUTOS = YES_AGGRESSIVE;
				GCC_WARN_UNUSED_FUNCTION = YES;
				GCC_WARN_UNUSED_VARIABLE = YES;
				LOCALIZATION_PREFERS_STRING_CATALOGS = YES;
				MACOSX_DEPLOYMENT_TARGET = 14.0;
				MTL_ENABLE_DEBUG_INFO = NO;
				MTL_FAST_MATH = YES;
				SDKROOT = macosx;
				STRING_CATALOG_GENERATE_SYMBOLS = YES;
				SWIFT_COMPILATION_MODE = wholemodule;
			};
			name = Release;
		};
		12000003 /* Debug */ = {
			isa = XCBuildConfiguration;
			buildSettings = {
				ASSETCATALOG_COMPILER_APPICON_NAME = AppIcon;
				ASSETCATALOG_COMPILER_GLOBAL_ACCENT_COLOR_NAME = AccentColor;
				CODE_SIGN_ENTITLEMENTS = Overlook/Overlook.entitlements;
				CODE_SIGN_IDENTITY = "Apple Development";
				CODE_SIGN_STYLE = Manual;
				COMBINE_HIDPI_IMAGES = YES;
				CURRENT_PROJECT_VERSION = 1;
				DEAD_CODE_STRIPPING = YES;
				DEVELOPMENT_ASSET_PATHS = "\"Overlook/Preview Content\"";
				DEVELOPMENT_TEAM = 9L6CG2D54V;
				ENABLE_HARDENED_RUNTIME = NO;
				ENABLE_PREVIEWS = YES;
				GENERATE_INFOPLIST_FILE = NO;
				INFOPLIST_FILE = Overlook/Info.plist;
				LD_RUNPATH_SEARCH_PATHS = (
					"$(inherited)",
					"@executable_path/../Frameworks",
				);
				MARKETING_VERSION = 1.0;
				OTHER_SWIFT_FLAGS = "$(inherited) -Xcc -Wno-deprecated-declarations";
				PRODUCT_BUNDLE_IDENTIFIER = com.overlook.app;
				PRODUCT_NAME = "$(TARGET_NAME)";
				SWIFT_EMIT_LOC_STRINGS = YES;
				SWIFT_OBJC_BRIDGING_HEADER = "Overlook/Overlook-Bridging-Header.h";
				SWIFT_VERSION = 5.0;
			};
			name = Debug;
		};
		12000004 /* Release */ = {
			isa = XCBuildConfiguration;
			buildSettings = {
				ASSETCATALOG_COMPILER_APPICON_NAME = AppIcon;
				ASSETCATALOG_COMPILER_GLOBAL_ACCENT_COLOR_NAME = AccentColor;
				CODE_SIGN_ENTITLEMENTS = Overlook/Overlook.entitlements;
				CODE_SIGN_IDENTITY = "Apple Development";
				CODE_SIGN_STYLE = Manual;
				COMBINE_HIDPI_IMAGES = YES;
				CURRENT_PROJECT_VERSION = 1;
				DEAD_CODE_STRIPPING = YES;
				DEVELOPMENT_ASSET_PATHS = "\"Overlook/Preview Content\"";
				DEVELOPMENT_TEAM = 9L6CG2D54V;
				ENABLE_HARDENED_RUNTIME = NO;
				ENABLE_PREVIEWS = YES;
				GENERATE_INFOPLIST_FILE = NO;
				INFOPLIST_FILE = Overlook/Info.plist;
				LD_RUNPATH_SEARCH_PATHS = (
					"$(inherited)",
					"@executable_path/../Frameworks",
				);
				MARKETING_VERSION = 1.0;
				OTHER_SWIFT_FLAGS = "$(inherited) -Xcc -Wno-deprecated-declarations";
				PRODUCT_BUNDLE_IDENTIFIER = com.overlook.app;
				PRODUCT_NAME = "$(TARGET_NAME)";
				SWIFT_EMIT_LOC_STRINGS = YES;
				SWIFT_OBJC_BRIDGING_HEADER = "Overlook/Overlook-Bridging-Header.h";
				SWIFT_VERSION = 5.0;
			};
			name = Release;
		};
/* End XCBuildConfiguration section */

/* Begin XCConfigurationList section */
		07000001 /* Build configuration list for PBXNativeTarget "Overlook" */ = {
			isa = XCConfigurationList;
			buildConfigurations = (
				12000003 /* Debug */,
				12000004 /* Release */,
			);
			defaultConfigurationIsVisible = 0;
			defaultConfigurationName = Release;
		};
		11000001 /* Build configuration list for PBXProject "Overlook" */ = {
			isa = XCConfigurationList;
			buildConfigurations = (
				12000001 /* Debug */,
				12000002 /* Release */,
			);
			defaultConfigurationIsVisible = 0;
			defaultConfigurationName = Release;
		};
/* End XCConfigurationList section */

/* Begin XCRemoteSwiftPackageReference section */
		15000001 /* XCRemoteSwiftPackageReference "WebRTC" */ = {
			isa = XCRemoteSwiftPackageReference;
			repositoryURL = "https://github.com/stasel/WebRTC";
			requirement = {
				kind = upToNextMajorVersion;
				minimumVersion = 109.0.1;
			};
		};
/* End XCRemoteSwiftPackageReference section */

/* Begin XCSwiftPackageProductDependency section */
		14000001 /* WebRTC */ = {
			isa = XCSwiftPackageProductDependency;
			package = 15000001 /* XCRemoteSwiftPackageReference "WebRTC" */;
			productName = WebRTC;
		};
/* End XCSwiftPackageProductDependency section */
	};
	rootObject = 10000001 /* Project object */;
}
